
Microsoft Visual Studio Solution File, Format Version 12.00
# Visual Studio Version 16
VisualStudioVersion = 16.0.31129.286
MinimumVisualStudioVersion = 10.0.40219.1
Project("{FAE04EC0-301F-11D3-BF4B-00C04F79EFBC}") = "ReportesPeajes", "ReportesPeajes\ReportesPeajes.csproj", "{5F754BDF-64C3-4DD7-BB0B-87E31190D344}"
EndProject
Project("{FAE04EC0-301F-11D3-BF4B-00C04F79EFBC}") = "AccesoDatos", "AccesoDatos\AccesoDatos.csproj", "{7D534EAD-2FB4-4144-BE48-5469BFB413C8}"
EndProject
Project("{FAE04EC0-301F-11D3-BF4B-00C04F79EFBC}") = "MainWindows", "MainWindows\MainWindows.csproj", "{79B5CDC4-285F-4990-9480-77DE689CE17A}"
EndProject
Project("{FAE04EC0-301F-11D3-BF4B-00C04F79EFBC}") = "ReportesPrincipal", "ReportesPrincipal\ReportesPrincipal.csproj", "{3D948815-8905-4CFC-88E8-7A4018611DD1}"
EndProject
Project("{FAE04EC0-301F-11D3-BF4B-00C04F79EFBC}") = "ReportesBriceno", "ReportesBriceno\ReportesBriceno.csproj", "{26E27D22-44B2-4393-A6F4-C1A04D03CA20}"
EndProject
Project("{FAE04EC0-301F-11D3-BF4B-00C04F79EFBC}") = "ReportesMayo", "ReportesMayo\ReportesMayo.csproj", "{7930828B-E2A4-4CB1-9017-D7859E657F8A}"
EndProject
Project("{FAE04EC0-301F-11D3-BF4B-00C04F79EFBC}") = "ReportesManga", "ReportesManga\ReportesManga.csproj", "{AF97F5A7-99BC-4EDD-BE8C-FD8346CAC252}"
EndProject
Project("{FAE04EC0-301F-11D3-BF4B-00C04F79EFBC}") = "ReportesSitioCero", "ReportesSitioCero\ReportesSitioCero.csproj", "{A024337E-2E7E-4FAB-AF5F-D18174EDD108}"
EndProject
Project("{FAE04EC0-301F-11D3-BF4B-00C04F79EFBC}") = "ReportesOrellaDos", "ReportesOrellaDos\ReportesOrellaDos.csproj", "{C879DFCE-9D4A-4FED-81F2-9236106F3700}"
EndProject
Project("{FAE04EC0-301F-11D3-BF4B-00C04F79EFBC}") = "ReportesCajaDerecha", "ReporteCajaDerecha\ReportesCajaDerecha.csproj", "{5F33ACD9-E00F-4AB9-8BB0-C4EA0C4BB106}"
EndProject
Project("{FAE04EC0-301F-11D3-BF4B-00C04F79EFBC}") = "ReportesCajaIzquierda", "ReporteCajaIzquierda\ReportesCajaIzquierda.csproj", "{667C7ED2-0A9C-41E6-8B60-A43374E420FA}"
EndProject
Project("{FAE04EC0-301F-11D3-BF4B-00C04F79EFBC}") = "ReportesSantaIsabel", "ReportesSantaIsabel\ReportesSantaIsabel.csproj", "{09B79FA6-4269-42F5-8902-7799C88EE94F}"
EndProject
Project("{FAE04EC0-301F-11D3-BF4B-00C04F79EFBC}") = "ReportesCajaManual", "ReportesCajaManual\ReportesCajaManual.csproj", "{6442232C-8E06-4579-8107-AAA30A68B4F5}"
EndProject
Global
	GlobalSection(SolutionConfigurationPlatforms) = preSolution
		Debug|Any CPU = Debug|Any CPU
		Debug|x64 = Debug|x64
		Debug|x86 = Debug|x86
		Release|Any CPU = Release|Any CPU
		Release|x64 = Release|x64
		Release|x86 = Release|x86
	EndGlobalSection
	GlobalSection(ProjectConfigurationPlatforms) = postSolution
		{5F754BDF-64C3-4DD7-BB0B-87E31190D344}.Debug|Any CPU.ActiveCfg = Debug|Any CPU
		{5F754BDF-64C3-4DD7-BB0B-87E31190D344}.Debug|Any CPU.Build.0 = Debug|Any CPU
		{5F754BDF-64C3-4DD7-BB0B-87E31190D344}.Debug|x64.ActiveCfg = Debug|x64
		{5F754BDF-64C3-4DD7-BB0B-87E31190D344}.Debug|x64.Build.0 = Debug|x64
		{5F754BDF-64C3-4DD7-BB0B-87E31190D344}.Debug|x86.ActiveCfg = Debug|x86
		{5F754BDF-64C3-4DD7-BB0B-87E31190D344}.Debug|x86.Build.0 = Debug|x86
		{5F754BDF-64C3-4DD7-BB0B-87E31190D344}.Release|Any CPU.ActiveCfg = Release|Any CPU
		{5F754BDF-64C3-4DD7-BB0B-87E31190D344}.Release|Any CPU.Build.0 = Release|Any CPU
		{5F754BDF-64C3-4DD7-BB0B-87E31190D344}.Release|x64.ActiveCfg = Release|x64
		{5F754BDF-64C3-4DD7-BB0B-87E31190D344}.Release|x64.Build.0 = Release|x64
		{5F754BDF-64C3-4DD7-BB0B-87E31190D344}.Release|x86.ActiveCfg = Release|x86
		{5F754BDF-64C3-4DD7-BB0B-87E31190D344}.Release|x86.Build.0 = Release|x86
		{7D534EAD-2FB4-4144-BE48-5469BFB413C8}.Debug|Any CPU.ActiveCfg = Debug|Any CPU
		{7D534EAD-2FB4-4144-BE48-5469BFB413C8}.Debug|Any CPU.Build.0 = Debug|Any CPU
		{7D534EAD-2FB4-4144-BE48-5469BFB413C8}.Debug|x64.ActiveCfg = Debug|x64
		{7D534EAD-2FB4-4144-BE48-5469BFB413C8}.Debug|x64.Build.0 = Debug|x64
		{7D534EAD-2FB4-4144-BE48-5469BFB413C8}.Debug|x86.ActiveCfg = Debug|x86
		{7D534EAD-2FB4-4144-BE48-5469BFB413C8}.Debug|x86.Build.0 = Debug|x86
		{7D534EAD-2FB4-4144-BE48-5469BFB413C8}.Release|Any CPU.ActiveCfg = Release|Any CPU
		{7D534EAD-2FB4-4144-BE48-5469BFB413C8}.Release|Any CPU.Build.0 = Release|Any CPU
		{7D534EAD-2FB4-4144-BE48-5469BFB413C8}.Release|x64.ActiveCfg = Release|x64
		{7D534EAD-2FB4-4144-BE48-5469BFB413C8}.Release|x64.Build.0 = Release|x64
		{7D534EAD-2FB4-4144-BE48-5469BFB413C8}.Release|x86.ActiveCfg = Release|x86
		{7D534EAD-2FB4-4144-BE48-5469BFB413C8}.Release|x86.Build.0 = Release|x86
		{79B5CDC4-285F-4990-9480-77DE689CE17A}.Debug|Any CPU.ActiveCfg = Debug|Any CPU
		{79B5CDC4-285F-4990-9480-77DE689CE17A}.Debug|Any CPU.Build.0 = Debug|Any CPU
		{79B5CDC4-285F-4990-9480-77DE689CE17A}.Debug|x64.ActiveCfg = Debug|x64
		{79B5CDC4-285F-4990-9480-77DE689CE17A}.Debug|x64.Build.0 = Debug|x64
		{79B5CDC4-285F-4990-9480-77DE689CE17A}.Debug|x86.ActiveCfg = Debug|x86
		{79B5CDC4-285F-4990-9480-77DE689CE17A}.Debug|x86.Build.0 = Debug|x86
		{79B5CDC4-285F-4990-9480-77DE689CE17A}.Release|Any CPU.ActiveCfg = Release|Any CPU
		{79B5CDC4-285F-4990-9480-77DE689CE17A}.Release|Any CPU.Build.0 = Release|Any CPU
		{79B5CDC4-285F-4990-9480-77DE689CE17A}.Release|x64.ActiveCfg = Release|x64
		{79B5CDC4-285F-4990-9480-77DE689CE17A}.Release|x64.Build.0 = Release|x64
		{79B5CDC4-285F-4990-9480-77DE689CE17A}.Release|x86.ActiveCfg = Release|x86
		{79B5CDC4-285F-4990-9480-77DE689CE17A}.Release|x86.Build.0 = Release|x86
		{3D948815-8905-4CFC-88E8-7A4018611DD1}.Debug|Any CPU.ActiveCfg = Debug|Any CPU
		{3D948815-8905-4CFC-88E8-7A4018611DD1}.Debug|Any CPU.Build.0 = Debug|Any CPU
		{3D948815-8905-4CFC-88E8-7A4018611DD1}.Debug|x64.ActiveCfg = Debug|x64
		{3D948815-8905-4CFC-88E8-7A4018611DD1}.Debug|x64.Build.0 = Debug|x64
		{3D948815-8905-4CFC-88E8-7A4018611DD1}.Debug|x86.ActiveCfg = Debug|x86
		{3D948815-8905-4CFC-88E8-7A4018611DD1}.Debug|x86.Build.0 = Debug|x86
		{3D948815-8905-4CFC-88E8-7A4018611DD1}.Release|Any CPU.ActiveCfg = Release|Any CPU
		{3D948815-8905-4CFC-88E8-7A4018611DD1}.Release|Any CPU.Build.0 = Release|Any CPU
		{3D948815-8905-4CFC-88E8-7A4018611DD1}.Release|x64.ActiveCfg = Release|x64
		{3D948815-8905-4CFC-88E8-7A4018611DD1}.Release|x64.Build.0 = Release|x64
		{3D948815-8905-4CFC-88E8-7A4018611DD1}.Release|x86.ActiveCfg = Release|x86
		{3D948815-8905-4CFC-88E8-7A4018611DD1}.Release|x86.Build.0 = Release|x86
		{26E27D22-44B2-4393-A6F4-C1A04D03CA20}.Debug|Any CPU.ActiveCfg = Debug|Any CPU
		{26E27D22-44B2-4393-A6F4-C1A04D03CA20}.Debug|Any CPU.Build.0 = Debug|Any CPU
		{26E27D22-44B2-4393-A6F4-C1A04D03CA20}.Debug|x64.ActiveCfg = Debug|x64
		{26E27D22-44B2-4393-A6F4-C1A04D03CA20}.Debug|x64.Build.0 = Debug|x64
		{26E27D22-44B2-4393-A6F4-C1A04D03CA20}.Debug|x86.ActiveCfg = Debug|x86
		{26E27D22-44B2-4393-A6F4-C1A04D03CA20}.Debug|x86.Build.0 = Debug|x86
		{26E27D22-44B2-4393-A6F4-C1A04D03CA20}.Release|Any CPU.ActiveCfg = Release|Any CPU
		{26E27D22-44B2-4393-A6F4-C1A04D03CA20}.Release|Any CPU.Build.0 = Release|Any CPU
		{26E27D22-44B2-4393-A6F4-C1A04D03CA20}.Release|x64.ActiveCfg = Release|x64
		{26E27D22-44B2-4393-A6F4-C1A04D03CA20}.Release|x64.Build.0 = Release|x64
		{26E27D22-44B2-4393-A6F4-C1A04D03CA20}.Release|x86.ActiveCfg = Release|x86
		{26E27D22-44B2-4393-A6F4-C1A04D03CA20}.Release|x86.Build.0 = Release|x86
		{7930828B-E2A4-4CB1-9017-D7859E657F8A}.Debug|Any CPU.ActiveCfg = Debug|Any CPU
		{7930828B-E2A4-4CB1-9017-D7859E657F8A}.Debug|Any CPU.Build.0 = Debug|Any CPU
		{7930828B-E2A4-4CB1-9017-D7859E657F8A}.Debug|x64.ActiveCfg = Debug|x64
		{7930828B-E2A4-4CB1-9017-D7859E657F8A}.Debug|x64.Build.0 = Debug|x64
		{7930828B-E2A4-4CB1-9017-D7859E657F8A}.Debug|x86.ActiveCfg = Debug|x86
		{7930828B-E2A4-4CB1-9017-D7859E657F8A}.Debug|x86.Build.0 = Debug|x86
		{7930828B-E2A4-4CB1-9017-D7859E657F8A}.Release|Any CPU.ActiveCfg = Release|Any CPU
		{7930828B-E2A4-4CB1-9017-D7859E657F8A}.Release|Any CPU.Build.0 = Release|Any CPU
		{7930828B-E2A4-4CB1-9017-D7859E657F8A}.Release|x64.ActiveCfg = Release|x64
		{7930828B-E2A4-4CB1-9017-D7859E657F8A}.Release|x64.Build.0 = Release|x64
		{7930828B-E2A4-4CB1-9017-D7859E657F8A}.Release|x86.ActiveCfg = Release|x86
		{7930828B-E2A4-4CB1-9017-D7859E657F8A}.Release|x86.Build.0 = Release|x86
		{AF97F5A7-99BC-4EDD-BE8C-FD8346CAC252}.Debug|Any CPU.ActiveCfg = Debug|Any CPU
		{AF97F5A7-99BC-4EDD-BE8C-FD8346CAC252}.Debug|Any CPU.Build.0 = Debug|Any CPU
		{AF97F5A7-99BC-4EDD-BE8C-FD8346CAC252}.Debug|x64.ActiveCfg = Debug|x64
		{AF97F5A7-99BC-4EDD-BE8C-FD8346CAC252}.Debug|x64.Build.0 = Debug|x64
		{AF97F5A7-99BC-4EDD-BE8C-FD8346CAC252}.Debug|x86.ActiveCfg = Debug|x86
		{AF97F5A7-99BC-4EDD-BE8C-FD8346CAC252}.Debug|x86.Build.0 = Debug|x86
		{AF97F5A7-99BC-4EDD-BE8C-FD8346CAC252}.Release|Any CPU.ActiveCfg = Release|Any CPU
		{AF97F5A7-99BC-4EDD-BE8C-FD8346CAC252}.Release|Any CPU.Build.0 = Release|Any CPU
		{AF97F5A7-99BC-4EDD-BE8C-FD8346CAC252}.Release|x64.ActiveCfg = Release|x64
		{AF97F5A7-99BC-4EDD-BE8C-FD8346CAC252}.Release|x64.Build.0 = Release|x64
		{AF97F5A7-99BC-4EDD-BE8C-FD8346CAC252}.Release|x86.ActiveCfg = Release|x86
		{AF97F5A7-99BC-4EDD-BE8C-FD8346CAC252}.Release|x86.Build.0 = Release|x86
		{A024337E-2E7E-4FAB-AF5F-D18174EDD108}.Debug|Any CPU.ActiveCfg = Debug|Any CPU
		{A024337E-2E7E-4FAB-AF5F-D18174EDD108}.Debug|Any CPU.Build.0 = Debug|Any CPU
		{A024337E-2E7E-4FAB-AF5F-D18174EDD108}.Debug|x64.ActiveCfg = Debug|x64
		{A024337E-2E7E-4FAB-AF5F-D18174EDD108}.Debug|x64.Build.0 = Debug|x64
		{A024337E-2E7E-4FAB-AF5F-D18174EDD108}.Debug|x86.ActiveCfg = Debug|x86
		{A024337E-2E7E-4FAB-AF5F-D18174EDD108}.Debug|x86.Build.0 = Debug|x86
		{A024337E-2E7E-4FAB-AF5F-D18174EDD108}.Release|Any CPU.ActiveCfg = Release|Any CPU
		{A024337E-2E7E-4FAB-AF5F-D18174EDD108}.Release|Any CPU.Build.0 = Release|Any CPU
		{A024337E-2E7E-4FAB-AF5F-D18174EDD108}.Release|x64.ActiveCfg = Release|x64
		{A024337E-2E7E-4FAB-AF5F-D18174EDD108}.Release|x64.Build.0 = Release|x64
		{A024337E-2E7E-4FAB-AF5F-D18174EDD108}.Release|x86.ActiveCfg = Release|x86
		{A024337E-2E7E-4FAB-AF5F-D18174EDD108}.Release|x86.Build.0 = Release|x86
		{C879DFCE-9D4A-4FED-81F2-9236106F3700}.Debug|Any CPU.ActiveCfg = Debug|Any CPU
		{C879DFCE-9D4A-4FED-81F2-9236106F3700}.Debug|Any CPU.Build.0 = Debug|Any CPU
		{C879DFCE-9D4A-4FED-81F2-9236106F3700}.Debug|x64.ActiveCfg = Debug|x64
		{C879DFCE-9D4A-4FED-81F2-9236106F3700}.Debug|x64.Build.0 = Debug|x64
		{C879DFCE-9D4A-4FED-81F2-9236106F3700}.Debug|x86.ActiveCfg = Debug|Any CPU
		{C879DFCE-9D4A-4FED-81F2-9236106F3700}.Debug|x86.Build.0 = Debug|Any CPU
		{C879DFCE-9D4A-4FED-81F2-9236106F3700}.Release|Any CPU.ActiveCfg = Release|Any CPU
		{C879DFCE-9D4A-4FED-81F2-9236106F3700}.Release|Any CPU.Build.0 = Release|Any CPU
		{C879DFCE-9D4A-4FED-81F2-9236106F3700}.Release|x64.ActiveCfg = Release|x64
		{C879DFCE-9D4A-4FED-81F2-9236106F3700}.Release|x64.Build.0 = Release|x64
		{C879DFCE-9D4A-4FED-81F2-9236106F3700}.Release|x86.ActiveCfg = Release|Any CPU
		{C879DFCE-9D4A-4FED-81F2-9236106F3700}.Release|x86.Build.0 = Release|Any CPU
		{5F33ACD9-E00F-4AB9-8BB0-C4EA0C4BB106}.Debug|Any CPU.ActiveCfg = Debug|Any CPU
		{5F33ACD9-E00F-4AB9-8BB0-C4EA0C4BB106}.Debug|Any CPU.Build.0 = Debug|Any CPU
		{5F33ACD9-E00F-4AB9-8BB0-C4EA0C4BB106}.Debug|x64.ActiveCfg = Debug|x64
		{5F33ACD9-E00F-4AB9-8BB0-C4EA0C4BB106}.Debug|x64.Build.0 = Debug|x64
		{5F33ACD9-E00F-4AB9-8BB0-C4EA0C4BB106}.Debug|x86.ActiveCfg = Debug|Any CPU
		{5F33ACD9-E00F-4AB9-8BB0-C4EA0C4BB106}.Debug|x86.Build.0 = Debug|Any CPU
		{5F33ACD9-E00F-4AB9-8BB0-C4EA0C4BB106}.Release|Any CPU.ActiveCfg = Release|Any CPU
		{5F33ACD9-E00F-4AB9-8BB0-C4EA0C4BB106}.Release|Any CPU.Build.0 = Release|Any CPU
		{5F33ACD9-E00F-4AB9-8BB0-C4EA0C4BB106}.Release|x64.ActiveCfg = Release|x64
		{5F33ACD9-E00F-4AB9-8BB0-C4EA0C4BB106}.Release|x64.Build.0 = Release|x64
		{5F33ACD9-E00F-4AB9-8BB0-C4EA0C4BB106}.Release|x86.ActiveCfg = Release|Any CPU
		{5F33ACD9-E00F-4AB9-8BB0-C4EA0C4BB106}.Release|x86.Build.0 = Release|Any CPU
		{667C7ED2-0A9C-41E6-8B60-A43374E420FA}.Debug|Any CPU.ActiveCfg = Debug|Any CPU
		{667C7ED2-0A9C-41E6-8B60-A43374E420FA}.Debug|Any CPU.Build.0 = Debug|Any CPU
		{667C7ED2-0A9C-41E6-8B60-A43374E420FA}.Debug|x64.ActiveCfg = Debug|x64
		{667C7ED2-0A9C-41E6-8B60-A43374E420FA}.Debug|x64.Build.0 = Debug|x64
		{667C7ED2-0A9C-41E6-8B60-A43374E420FA}.Debug|x86.ActiveCfg = Debug|Any CPU
		{667C7ED2-0A9C-41E6-8B60-A43374E420FA}.Debug|x86.Build.0 = Debug|Any CPU
		{667C7ED2-0A9C-41E6-8B60-A43374E420FA}.Release|Any CPU.ActiveCfg = Release|Any CPU
		{667C7ED2-0A9C-41E6-8B60-A43374E420FA}.Release|Any CPU.Build.0 = Release|Any CPU
		{667C7ED2-0A9C-41E6-8B60-A43374E420FA}.Release|x64.ActiveCfg = Release|x64
		{667C7ED2-0A9C-41E6-8B60-A43374E420FA}.Release|x64.Build.0 = Release|x64
		{667C7ED2-0A9C-41E6-8B60-A43374E420FA}.Release|x86.ActiveCfg = Release|Any CPU
		{667C7ED2-0A9C-41E6-8B60-A43374E420FA}.Release|x86.Build.0 = Release|Any CPU
		{09B79FA6-4269-42F5-8902-7799C88EE94F}.Debug|Any CPU.ActiveCfg = Debug|Any CPU
		{09B79FA6-4269-42F5-8902-7799C88EE94F}.Debug|Any CPU.Build.0 = Debug|Any CPU
		{09B79FA6-4269-42F5-8902-7799C88EE94F}.Debug|x64.ActiveCfg = Debug|x64
		{09B79FA6-4269-42F5-8902-7799C88EE94F}.Debug|x64.Build.0 = Debug|x64
		{09B79FA6-4269-42F5-8902-7799C88EE94F}.Debug|x86.ActiveCfg = Debug|Any CPU
		{09B79FA6-4269-42F5-8902-7799C88EE94F}.Debug|x86.Build.0 = Debug|Any CPU
		{09B79FA6-4269-42F5-8902-7799C88EE94F}.Release|Any CPU.ActiveCfg = Release|Any CPU
		{09B79FA6-4269-42F5-8902-7799C88EE94F}.Release|Any CPU.Build.0 = Release|Any CPU
		{09B79FA6-4269-42F5-8902-7799C88EE94F}.Release|x64.ActiveCfg = Release|x64
		{09B79FA6-4269-42F5-8902-7799C88EE94F}.Release|x64.Build.0 = Release|x64
		{09B79FA6-4269-42F5-8902-7799C88EE94F}.Release|x86.ActiveCfg = Release|Any CPU
		{09B79FA6-4269-42F5-8902-7799C88EE94F}.Release|x86.Build.0 = Release|Any CPU
		{6442232C-8E06-4579-8107-AAA30A68B4F5}.Debug|Any CPU.ActiveCfg = Debug|Any CPU
		{6442232C-8E06-4579-8107-AAA30A68B4F5}.Debug|Any CPU.Build.0 = Debug|Any CPU
		{6442232C-8E06-4579-8107-AAA30A68B4F5}.Debug|x64.ActiveCfg = Debug|x64
		{6442232C-8E06-4579-8107-AAA30A68B4F5}.Debug|x64.Build.0 = Debug|x64
		{6442232C-8E06-4579-8107-AAA30A68B4F5}.Debug|x86.ActiveCfg = Debug|Any CPU
		{6442232C-8E06-4579-8107-AAA30A68B4F5}.Debug|x86.Build.0 = Debug|Any CPU
		{6442232C-8E06-4579-8107-AAA30A68B4F5}.Release|Any CPU.ActiveCfg = Release|Any CPU
		{6442232C-8E06-4579-8107-AAA30A68B4F5}.Release|Any CPU.Build.0 = Release|Any CPU
		{6442232C-8E06-4579-8107-AAA30A68B4F5}.Release|x64.ActiveCfg = Release|x64
		{6442232C-8E06-4579-8107-AAA30A68B4F5}.Release|x64.Build.0 = Release|x64
		{6442232C-8E06-4579-8107-AAA30A68B4F5}.Release|x86.ActiveCfg = Release|Any CPU
		{6442232C-8E06-4579-8107-AAA30A68B4F5}.Release|x86.Build.0 = Release|Any CPU
	EndGlobalSection
	GlobalSection(SolutionProperties) = preSolution
		HideSolutionNode = FALSE
	EndGlobalSection
	GlobalSection(ExtensibilityGlobals) = postSolution
		SolutionGuid = {5B1BBE53-949B-4C51-90C5-F159CDB6D152}
	EndGlobalSection
EndGlobal
