
Microsoft Visual Studio Solution File, Format Version 12.00
# Visual Studio 15
VisualStudioVersion = 15.0.27130.2026
MinimumVisualStudioVersion = 10.0.40219.1
Project("{FAE04EC0-301F-11D3-BF4B-00C04F79EFBC}") = "ReportesPeajes", "ReportesPeajes\ReportesPeajes.csproj", "{5F754BDF-64C3-4DD7-BB0B-87E31190D344}"
EndProject
Global
	GlobalSection(SolutionConfigurationPlatforms) = preSolution
		Debug|Any CPU = Debug|Any CPU
		Release|Any CPU = Release|Any CPU
	EndGlobalSection
	GlobalSection(ProjectConfigurationPlatforms) = postSolution
		{5F754BDF-64C3-4DD7-BB0B-87E31190D344}.Debug|Any CPU.ActiveCfg = Debug|Any CPU
		{5F754BDF-64C3-4DD7-BB0B-87E31190D344}.Debug|Any CPU.Build.0 = Debug|Any CPU
		{5F754BDF-64C3-4DD7-BB0B-87E31190D344}.Release|Any CPU.ActiveCfg = Release|Any CPU
		{5F754BDF-64C3-4DD7-BB0B-87E31190D344}.Release|Any CPU.Build.0 = Release|Any CPU
	EndGlobalSection
	GlobalSection(SolutionProperties) = preSolution
		HideSolutionNode = FALSE
	EndGlobalSection
	GlobalSection(ExtensibilityGlobals) = postSolution
		SolutionGuid = {5B1BBE53-949B-4C51-90C5-F159CDB6D152}
	EndGlobalSection
EndGlobal
